
Microsoft Visual Studio Solution File, Format Version 12.00
# Visual Studio Version 16
VisualStudioVersion = 16.0.32413.511
MinimumVisualStudioVersion = 10.0.40219.1
Project("{FAE04EC0-301F-11D3-BF4B-00C04F79EFBC}") = "Laboratorio2LuisSanchez", "Laboratorio2LuisSanchez\Laboratorio2LuisSanchez.csproj", "{716C2FE6-81BF-4BFB-9A42-B003D42AF028}"
EndProject
Global
	GlobalSection(SolutionConfigurationPlatforms) = preSolution
		Debug|Any CPU = Debug|Any CPU
		Release|Any CPU = Release|Any CPU
	EndGlobalSection
	GlobalSection(ProjectConfigurationPlatforms) = postSolution
		{716C2FE6-81BF-4BFB-9A42-B003D42AF028}.Debug|Any CPU.ActiveCfg = Debug|Any CPU
		{716C2FE6-81BF-4BFB-9A42-B003D42AF028}.Debug|Any CPU.Build.0 = Debug|Any CPU
		{716C2FE6-81BF-4BFB-9A42-B003D42AF028}.Release|Any CPU.ActiveCfg = Release|Any CPU
		{716C2FE6-81BF-4BFB-9A42-B003D42AF028}.Release|Any CPU.Build.0 = Release|Any CPU
	EndGlobalSection
	GlobalSection(SolutionProperties) = preSolution
		HideSolutionNode = FALSE
	EndGlobalSection
	GlobalSection(ExtensibilityGlobals) = postSolution
		SolutionGuid = {D53EFDAC-5CD9-4D20-8D07-A80947247005}
	EndGlobalSection
EndGlobal
